
Microsoft Visual Studio Solution File, Format Version 12.00
# Visual Studio 15
Project("{FAE04EC0-301F-11D3-BF4B-00C04F79EFBC}") = "Assembly-CSharp", "Assembly-CSharp.csproj", "{205AC08F-E59B-84DF-34F7-9DC6DE5CBEE5}"
EndProject
Global
	GlobalSection(SolutionConfigurationPlatforms) = preSolution
		Debug|Any CPU = Debug|Any CPU
		Release|Any CPU = Release|Any CPU
	EndGlobalSection
	GlobalSection(ProjectConfigurationPlatforms) = postSolution
		{205AC08F-E59B-84DF-34F7-9DC6DE5CBEE5}.Debug|Any CPU.ActiveCfg = Debug|Any CPU
		{205AC08F-E59B-84DF-34F7-9DC6DE5CBEE5}.Debug|Any CPU.Build.0 = Debug|Any CPU
		{205AC08F-E59B-84DF-34F7-9DC6DE5CBEE5}.Release|Any CPU.ActiveCfg = Release|Any CPU
		{205AC08F-E59B-84DF-34F7-9DC6DE5CBEE5}.Release|Any CPU.Build.0 = Release|Any CPU
	EndGlobalSection
	GlobalSection(SolutionProperties) = preSolution
		HideSolutionNode = FALSE
	EndGlobalSection
	GlobalSection(MonoDevelopProperties) = preSolution
		StartupItem = Assembly-CSharp.csproj
	EndGlobalSection
EndGlobal
